
Microsoft Visual Studio Solution File, Format Version 12.00
# Visual Studio 15
VisualStudioVersion = 15.0.28307.329
MinimumVisualStudioVersion = 10.0.40219.1
Project("{FAE04EC0-301F-11D3-BF4B-00C04F79EFBC}") = "WpfGroupFinder", "WpfGroupFinder\WpfGroupFinder.csproj", "{5A679A64-E7E8-42E9-8A9E-58148C124DCF}"
EndProject
Global
	GlobalSection(SolutionConfigurationPlatforms) = preSolution
		Debug|Any CPU = Debug|Any CPU
		Debug|x86 = Debug|x86
		Release|Any CPU = Release|Any CPU
		Release|x86 = Release|x86
	EndGlobalSection
	GlobalSection(ProjectConfigurationPlatforms) = postSolution
		{5A679A64-E7E8-42E9-8A9E-58148C124DCF}.Debug|Any CPU.ActiveCfg = Debug|Any CPU
		{5A679A64-E7E8-42E9-8A9E-58148C124DCF}.Debug|Any CPU.Build.0 = Debug|Any CPU
		{5A679A64-E7E8-42E9-8A9E-58148C124DCF}.Debug|x86.ActiveCfg = Debug|Any CPU
		{5A679A64-E7E8-42E9-8A9E-58148C124DCF}.Debug|x86.Build.0 = Debug|Any CPU
		{5A679A64-E7E8-42E9-8A9E-58148C124DCF}.Release|Any CPU.ActiveCfg = Release|Any CPU
		{5A679A64-E7E8-42E9-8A9E-58148C124DCF}.Release|Any CPU.Build.0 = Release|Any CPU
		{5A679A64-E7E8-42E9-8A9E-58148C124DCF}.Release|x86.ActiveCfg = Release|Any CPU
		{5A679A64-E7E8-42E9-8A9E-58148C124DCF}.Release|x86.Build.0 = Release|Any CPU
	EndGlobalSection
	GlobalSection(SolutionProperties) = preSolution
		HideSolutionNode = FALSE
	EndGlobalSection
	GlobalSection(ExtensibilityGlobals) = postSolution
		SolutionGuid = {DBEA905B-B5DC-46C0-A49D-D1A07E9430C3}
	EndGlobalSection
EndGlobal
